<?xml version="1.0" encoding="utf-8"?>
<Project ToolsVersion="4.0" xmlns="http://schemas.microsoft.com/developer/msbuild/2003">
  <ItemGroup>
    <Filter Include="Source Files">
      <UniqueIdentifier>{4FC737F1-C7A5-4376-A066-2A32D752A2FF}</UniqueIdentifier>
      <Extensions>cpp;c;cc;cxx;def;odl;idl;hpj;bat;asm;asmx</Extensions>
    </Filter>
    <Filter Include="Header Files">
      <UniqueIdentifier>{93995380-89BD-4b04-88EB-625FBE52EBFB}</UniqueIdentifier>
      <Extensions>h;hpp;hxx;hm;inl;inc;xsd</Extensions>
    </Filter>
    <Filter Include="Resource Files">
      <UniqueIdentifier>{67DA6AB6-F800-4c08-8B7A-83BB121AAD01}</UniqueIdentifier>
      <Extensions>rc;ico;cur;bmp;dlg;rc2;rct;bin;rgs;gif;jpg;jpeg;jpe;resx;tiff;tif;png;wav;mfcribbon-ms</Extensions>
    </Filter>
    <Filter Include="HLSL">
      <UniqueIdentifier>{2351c9e5-942b-4ebd-a5ba-08ddec40b2a4}</UniqueIdentifier>
    </Filter>
  </ItemGroup>
  <ItemGroup>
    <ClCompile Include="Source\clientProgram.cpp">
      <Filter>Source Files</Filter>
    </ClCompile>
    <ClCompile Include="Source\Window.cpp">
      <Filter>Source Files</Filter>
    </ClCompile>
    <ClCompile Include="Source\BaseGameApp.cpp">
      <Filter>Source Files</Filter>
    </ClCompile>
    <ClCompile Include="Source\Input\InputTranslator.cpp">
      <Filter>Source Files</Filter>
    </ClCompile>
    <ClCompile Include="Source\Input\Input.cpp">
      <Filter>Source Files</Filter>
    </ClCompile>
    <ClCompile Include="Source\SceneManager.cpp">
      <Filter>Source Files</Filter>
    </ClCompile>
    <ClCompile Include="Source\Input\InputState.cpp">
      <Filter>Source Files</Filter>
    </ClCompile>
    <ClCompile Include="Source\Level.cpp">
      <Filter>Source Files</Filter>
    </ClCompile>
    <ClCompile Include="Source\Player.cpp">
      <Filter>Source Files</Filter>
    </ClCompile>
    <ClCompile Include="Source\Scenes\GameScene.cpp">
      <Filter>Source Files</Filter>
    </ClCompile>
    <ClCompile Include="Source\Scenes\MenuScene.cpp">
      <Filter>Source Files</Filter>
    </ClCompile>
    <ClCompile Include="Source\Scenes\PostGameScene.cpp">
      <Filter>Source Files</Filter>
    </ClCompile>
    <ClCompile Include="Source\GameLogic.cpp">
      <Filter>Source Files</Filter>
    </ClCompile>
    <ClCompile Include="Source\RAMInfo.cpp">
      <Filter>Source Files</Filter>
    </ClCompile>
    <ClCompile Include="Source\EdgeCollisionResponse.cpp">
      <Filter>Source Files</Filter>
    </ClCompile>
  </ItemGroup>
  <ItemGroup>
    <ClInclude Include="Source\Window.h">
      <Filter>Header Files</Filter>
    </ClInclude>
    <ClInclude Include="Source\BaseGameApp.h">
      <Filter>Header Files</Filter>
    </ClInclude>
    <ClInclude Include="Source\Input\Input.h">
      <Filter>Header Files</Filter>
    </ClInclude>
    <ClInclude Include="Source\Input\InputTranslator.h">
      <Filter>Header Files</Filter>
    </ClInclude>
    <ClInclude Include="Source\Input\InputState.h">
      <Filter>Header Files</Filter>
    </ClInclude>
    <ClInclude Include="Source\SceneManager.h">
      <Filter>Header Files</Filter>
    </ClInclude>
    <ClInclude Include="Source\Input\InputRecord.h">
      <Filter>Header Files</Filter>
    </ClInclude>
    <ClInclude Include="Source\ClientExceptions.h">
      <Filter>Header Files</Filter>
    </ClInclude>
    <ClInclude Include="Source\Level.h">
      <Filter>Header Files</Filter>
    </ClInclude>
    <ClInclude Include="Source\Player.h">
      <Filter>Header Files</Filter>
    </ClInclude>
    <ClInclude Include="Source\Scenes\GameScene.h">
      <Filter>Header Files</Filter>
    </ClInclude>
    <ClInclude Include="Source\Scenes\IScene.h">
      <Filter>Header Files</Filter>
    </ClInclude>
    <ClInclude Include="Source\Scenes\MenuScene.h">
      <Filter>Header Files</Filter>
    </ClInclude>
    <ClInclude Include="Source\Scenes\PostGameScene.h">
      <Filter>Header Files</Filter>
    </ClInclude>
    <ClInclude Include="Source\GameLogic.h">
      <Filter>Header Files</Filter>
    </ClInclude>
    <ClInclude Include="Source\RAMInfo.h">
      <Filter>Header Files</Filter>
    </ClInclude>
    <ClInclude Include="Source\EdgeCollisionResponse.h">
      <Filter>Header Files</Filter>
    </ClInclude>
  </ItemGroup>
  <ItemGroup>
    <FxCompile Include="Bin\assets\shaders\ParticleSystem.hlsl">
      <Filter>HLSL</Filter>
    </FxCompile>
    <FxCompile Include="Bin\assets\shaders\SSAO.hlsl">
      <Filter>HLSL</Filter>
    </FxCompile>
    <FxCompile Include="Bin\assets\shaders\SSAO_Blur.hlsl">
      <Filter>HLSL</Filter>
    </FxCompile>
    <FxCompile Include="Bin\assets\shaders\SkyDome.hlsl">
      <Filter>HLSL</Filter>
    </FxCompile>
    <FxCompile Include="Bin\assets\shaders\GeoInstanceShader.hlsl">
      <Filter>HLSL</Filter>
    </FxCompile>
    <FxCompile Include="Bin\assets\shaders\LightPassDirectionalLight.hlsl">
      <Filter>HLSL</Filter>
    </FxCompile>
    <FxCompile Include="Bin\assets\shaders\LightPassPointLight.hlsl">
      <Filter>HLSL</Filter>
    </FxCompile>
    <FxCompile Include="Bin\assets\shaders\LightPassSpotLight.hlsl">
      <Filter>HLSL</Filter>
    </FxCompile>
    <FxCompile Include="Bin\assets\shaders\GeometryPass.hlsl">
      <Filter>HLSL</Filter>
    </FxCompile>
    <FxCompile Include="Bin\assets\shaders\AnimatedGeometryPass.hlsl">
      <Filter>HLSL</Filter>
    </FxCompile>
    <FxCompile Include="Bin\assets\shaders\BoundingVolume.hlsl">
      <Filter>HLSL</Filter>
    </FxCompile>
    <FxCompile Include="Bin\assets\shaders\DebugShader.hlsl">
      <Filter>HLSL</Filter>
    </FxCompile>
    <FxCompile Include="Bin\assets\shaders\ForwardShader.hlsl">
      <Filter>HLSL</Filter>
    </FxCompile>
    <FxCompile Include="Bin\assets\shaders\DeferredHelperFunctions.hlsl" />
    <FxCompile Include="Bin\assets\shaders\LightHelperFunctions.hlsl" />
  </ItemGroup>
</Project>