<?xml version="1.0" encoding="utf-8"?>
<Project ToolsVersion="4.0" xmlns="http://schemas.microsoft.com/developer/msbuild/2003">
  <ItemGroup>
    <FxCompile Include="Source\DeferredShaders\DebugShader.hlsl" />
    <FxCompile Include="Source\DeferredShaders\GeometryPass.hlsl" />
    <FxCompile Include="Source\DeferredShaders\LightPassDirectionalLight.hlsl" />
    <FxCompile Include="Source\DeferredShaders\LightPassPointLight.hlsl" />
    <FxCompile Include="Source\DeferredShaders\LightPassSpotLight.hlsl" />
    <FxCompile Include="Source\dummyVS.hlsl" />
  </ItemGroup>
  <ItemGroup>
    <ClCompile Include="Source\DeferredRenderer.cpp" />
    <ClCompile Include="Source\DDSTextureLoader.cpp" />
    <ClCompile Include="Source\ModelBinaryLoader.cpp" />
    <ClCompile Include="Source\ModelFactory.cpp" />
    <ClCompile Include="Source\GraphicsLogger.cpp" />
    <ClCompile Include="Source\RAMMemInfo.cpp" />
    <ClCompile Include="Source\TextureLoader.cpp" />
    <ClCompile Include="Source\VRAMMemInfo.cpp" />
    <ClCompile Include="Source\WICTextureLoader.cpp" />
    <ClCompile Include="Source\WrapperFactory.cpp" />
    <ClCompile Include="Source\Buffer.cpp" />
    <ClCompile Include="Source\Graphics.cpp" />
    <ClCompile Include="Source\Shader.cpp" />
    <ClCompile Include="Source\ModelInstance.cpp" />
    <ClCompile Include="Source\LoadM3d.cpp" />
    <ClCompile Include="Source\ModelDefinition.cpp" />
  </ItemGroup>
  <ItemGroup>
    <ClInclude Include="include\ShaderDeffinitions.h" />
    <ClInclude Include="Source\DeferredRenderer.h" />
    <ClInclude Include="Source\DDSTextureLoader.h" />
    <ClInclude Include="Source\LightStructs.h" />
    <FxCompile Include="Source\DeferredShaders\AnimatedGeometryPass.hlsl" />
    <ClInclude Include="Source\LoaderStructs.h" />
    <ClInclude Include="Source\ModelBinaryLoader.h" />
    <ClInclude Include="Source\ModelDefinition.h" />
    <ClInclude Include="Source\GraphicsLogger.h" />
    <ClInclude Include="Source\ModelFactory.h" />
    <ClInclude Include="Source\ModelInstance.h" />
    <ClInclude Include="Source\RAMMemInfo.h" />
    <ClInclude Include="Source\VRAMMemInfo.h" />
    <ClInclude Include="Source\WICTextureLoader.h" />
    <ClInclude Include="Source\WrapperFactory.h" />
    <ClInclude Include="Source\GraphicsExceptions.h" />
    <ClInclude Include="Source\Shader.h" />
    <ClInclude Include="Source\Buffer.h" />
    <ClInclude Include="Source\Graphics.h" />
    <ClInclude Include="include\IGraphics.h" />
    <ClInclude Include="Source\Util.h" />
    <ClInclude Include="Source\TextureLoader.h" />
    <ClInclude Include="Source\LoadM3d.h" />
    <ClInclude Include="Source\Vertex.h" />
  </ItemGroup>
</Project>