
Microsoft Visual Studio Solution File, Format Version 12.00
# Visual Studio 2012
Project("{8BC9CEB8-8B4A-11D0-8D11-00A0C91BC942}") = "Client", "Client\Client.vcxproj", "{10229040-9B98-4F55-8CC9-8F1DA231CE04}"
EndProject
Project("{8BC9CEB8-8B4A-11D0-8D11-00A0C91BC942}") = "Server", "Server\Server.vcxproj", "{03B04F8A-DF5E-445D-A91D-1C4F7C8398FD}"
EndProject
Project("{8BC9CEB8-8B4A-11D0-8D11-00A0C91BC942}") = "Network", "Network\Network.vcxproj", "{618F0468-D053-4AE2-BE83-118FE75C6F2E}"
EndProject
Project("{8BC9CEB8-8B4A-11D0-8D11-00A0C91BC942}") = "BoostTest", "BoostTest\BoostTest.vcxproj", "{2BB8F6A9-266A-4F01-B25A-585BEBFCAA20}"
EndProject
Project("{8BC9CEB8-8B4A-11D0-8D11-00A0C91BC942}") = "Graphics", "Graphics\Graphics.vcxproj", "{B3860466-45BD-4C0F-BD24-15DC7C96E0F1}"
EndProject
Project("{8BC9CEB8-8B4A-11D0-8D11-00A0C91BC942}") = "Physics", "Physics\Physics.vcxproj", "{1DB22D9F-ADDF-4065-9355-DB75F64D13A6}"
EndProject
Project("{8BC9CEB8-8B4A-11D0-8D11-00A0C91BC942}") = "Sound", "Sound\Sound.vcxproj", "{7F75D233-FB41-4AE7-82CD-F35DB3FF5628}"
EndProject
Project("{8BC9CEB8-8B4A-11D0-8D11-00A0C91BC942}") = "BoostIntegrationTest", "BoostIntegrationTest\BoostIntegrationTest.vcxproj", "{C0F8B22C-8D50-4C3C-975A-807B498A51A7}"
EndProject
Project("{8BC9CEB8-8B4A-11D0-8D11-00A0C91BC942}") = "BinaryConverter", "BinaryConverter\BinaryConverter.vcxproj", "{85EC47BA-C60F-41E8-8590-E2C3B3BE81FA}"
EndProject
Project("{8BC9CEB8-8B4A-11D0-8D11-00A0C91BC942}") = "Common", "Common\Common.vcxproj", "{8C7B8D02-7172-4AE2-A0DF-2E5A5FC9F23F}"
EndProject
Global
	GlobalSection(SolutionConfigurationPlatforms) = preSolution
		Debug|Any CPU = Debug|Any CPU
		Debug|Mixed Platforms = Debug|Mixed Platforms
		Debug|Win32 = Debug|Win32
		Release|Any CPU = Release|Any CPU
		Release|Mixed Platforms = Release|Mixed Platforms
		Release|Win32 = Release|Win32
	EndGlobalSection
	GlobalSection(ProjectConfigurationPlatforms) = postSolution
		{10229040-9B98-4F55-8CC9-8F1DA231CE04}.Debug|Any CPU.ActiveCfg = Debug|Win32
		{10229040-9B98-4F55-8CC9-8F1DA231CE04}.Debug|Mixed Platforms.ActiveCfg = Debug|Win32
		{10229040-9B98-4F55-8CC9-8F1DA231CE04}.Debug|Mixed Platforms.Build.0 = Debug|Win32
		{10229040-9B98-4F55-8CC9-8F1DA231CE04}.Debug|Mixed Platforms.Deploy.0 = Debug|Win32
		{10229040-9B98-4F55-8CC9-8F1DA231CE04}.Debug|Win32.ActiveCfg = Debug|Win32
		{10229040-9B98-4F55-8CC9-8F1DA231CE04}.Debug|Win32.Build.0 = Debug|Win32
		{10229040-9B98-4F55-8CC9-8F1DA231CE04}.Release|Any CPU.ActiveCfg = Release|Win32
		{10229040-9B98-4F55-8CC9-8F1DA231CE04}.Release|Mixed Platforms.ActiveCfg = Release|Win32
		{10229040-9B98-4F55-8CC9-8F1DA231CE04}.Release|Mixed Platforms.Build.0 = Release|Win32
		{10229040-9B98-4F55-8CC9-8F1DA231CE04}.Release|Mixed Platforms.Deploy.0 = Release|Win32
		{10229040-9B98-4F55-8CC9-8F1DA231CE04}.Release|Win32.ActiveCfg = Release|Win32
		{10229040-9B98-4F55-8CC9-8F1DA231CE04}.Release|Win32.Build.0 = Release|Win32
		{03B04F8A-DF5E-445D-A91D-1C4F7C8398FD}.Debug|Any CPU.ActiveCfg = Debug|Win32
		{03B04F8A-DF5E-445D-A91D-1C4F7C8398FD}.Debug|Mixed Platforms.ActiveCfg = Debug|Win32
		{03B04F8A-DF5E-445D-A91D-1C4F7C8398FD}.Debug|Mixed Platforms.Build.0 = Debug|Win32
		{03B04F8A-DF5E-445D-A91D-1C4F7C8398FD}.Debug|Mixed Platforms.Deploy.0 = Debug|Win32
		{03B04F8A-DF5E-445D-A91D-1C4F7C8398FD}.Debug|Win32.ActiveCfg = Debug|Win32
		{03B04F8A-DF5E-445D-A91D-1C4F7C8398FD}.Debug|Win32.Build.0 = Debug|Win32
		{03B04F8A-DF5E-445D-A91D-1C4F7C8398FD}.Release|Any CPU.ActiveCfg = Release|Win32
		{03B04F8A-DF5E-445D-A91D-1C4F7C8398FD}.Release|Mixed Platforms.ActiveCfg = Release|Win32
		{03B04F8A-DF5E-445D-A91D-1C4F7C8398FD}.Release|Mixed Platforms.Build.0 = Release|Win32
		{03B04F8A-DF5E-445D-A91D-1C4F7C8398FD}.Release|Mixed Platforms.Deploy.0 = Release|Win32
		{03B04F8A-DF5E-445D-A91D-1C4F7C8398FD}.Release|Win32.ActiveCfg = Release|Win32
		{03B04F8A-DF5E-445D-A91D-1C4F7C8398FD}.Release|Win32.Build.0 = Release|Win32
		{618F0468-D053-4AE2-BE83-118FE75C6F2E}.Debug|Any CPU.ActiveCfg = Debug|Win32
		{618F0468-D053-4AE2-BE83-118FE75C6F2E}.Debug|Mixed Platforms.ActiveCfg = Debug|Win32
		{618F0468-D053-4AE2-BE83-118FE75C6F2E}.Debug|Mixed Platforms.Build.0 = Debug|Win32
		{618F0468-D053-4AE2-BE83-118FE75C6F2E}.Debug|Mixed Platforms.Deploy.0 = Debug|Win32
		{618F0468-D053-4AE2-BE83-118FE75C6F2E}.Debug|Win32.ActiveCfg = Debug|Win32
		{618F0468-D053-4AE2-BE83-118FE75C6F2E}.Debug|Win32.Build.0 = Debug|Win32
		{618F0468-D053-4AE2-BE83-118FE75C6F2E}.Release|Any CPU.ActiveCfg = Release|Win32
		{618F0468-D053-4AE2-BE83-118FE75C6F2E}.Release|Mixed Platforms.ActiveCfg = Release|Win32
		{618F0468-D053-4AE2-BE83-118FE75C6F2E}.Release|Mixed Platforms.Build.0 = Release|Win32
		{618F0468-D053-4AE2-BE83-118FE75C6F2E}.Release|Mixed Platforms.Deploy.0 = Release|Win32
		{618F0468-D053-4AE2-BE83-118FE75C6F2E}.Release|Win32.ActiveCfg = Release|Win32
		{618F0468-D053-4AE2-BE83-118FE75C6F2E}.Release|Win32.Build.0 = Release|Win32
		{2BB8F6A9-266A-4F01-B25A-585BEBFCAA20}.Debug|Any CPU.ActiveCfg = Debug|Win32
		{2BB8F6A9-266A-4F01-B25A-585BEBFCAA20}.Debug|Mixed Platforms.ActiveCfg = Debug|Win32
		{2BB8F6A9-266A-4F01-B25A-585BEBFCAA20}.Debug|Mixed Platforms.Build.0 = Debug|Win32
		{2BB8F6A9-266A-4F01-B25A-585BEBFCAA20}.Debug|Mixed Platforms.Deploy.0 = Debug|Win32
		{2BB8F6A9-266A-4F01-B25A-585BEBFCAA20}.Debug|Win32.ActiveCfg = Debug|Win32
		{2BB8F6A9-266A-4F01-B25A-585BEBFCAA20}.Debug|Win32.Build.0 = Debug|Win32
		{2BB8F6A9-266A-4F01-B25A-585BEBFCAA20}.Release|Any CPU.ActiveCfg = Release|Win32
		{2BB8F6A9-266A-4F01-B25A-585BEBFCAA20}.Release|Mixed Platforms.ActiveCfg = Release|Win32
		{2BB8F6A9-266A-4F01-B25A-585BEBFCAA20}.Release|Mixed Platforms.Build.0 = Release|Win32
		{2BB8F6A9-266A-4F01-B25A-585BEBFCAA20}.Release|Mixed Platforms.Deploy.0 = Release|Win32
		{2BB8F6A9-266A-4F01-B25A-585BEBFCAA20}.Release|Win32.ActiveCfg = Release|Win32
		{2BB8F6A9-266A-4F01-B25A-585BEBFCAA20}.Release|Win32.Build.0 = Release|Win32
		{B3860466-45BD-4C0F-BD24-15DC7C96E0F1}.Debug|Any CPU.ActiveCfg = Debug|Win32
		{B3860466-45BD-4C0F-BD24-15DC7C96E0F1}.Debug|Mixed Platforms.ActiveCfg = Debug|Win32
		{B3860466-45BD-4C0F-BD24-15DC7C96E0F1}.Debug|Mixed Platforms.Build.0 = Debug|Win32
		{B3860466-45BD-4C0F-BD24-15DC7C96E0F1}.Debug|Mixed Platforms.Deploy.0 = Debug|Win32
		{B3860466-45BD-4C0F-BD24-15DC7C96E0F1}.Debug|Win32.ActiveCfg = Debug|Win32
		{B3860466-45BD-4C0F-BD24-15DC7C96E0F1}.Debug|Win32.Build.0 = Debug|Win32
		{B3860466-45BD-4C0F-BD24-15DC7C96E0F1}.Release|Any CPU.ActiveCfg = Release|Win32
		{B3860466-45BD-4C0F-BD24-15DC7C96E0F1}.Release|Mixed Platforms.ActiveCfg = Release|Win32
		{B3860466-45BD-4C0F-BD24-15DC7C96E0F1}.Release|Mixed Platforms.Build.0 = Release|Win32
		{B3860466-45BD-4C0F-BD24-15DC7C96E0F1}.Release|Mixed Platforms.Deploy.0 = Release|Win32
		{B3860466-45BD-4C0F-BD24-15DC7C96E0F1}.Release|Win32.ActiveCfg = Release|Win32
		{B3860466-45BD-4C0F-BD24-15DC7C96E0F1}.Release|Win32.Build.0 = Release|Win32
		{1DB22D9F-ADDF-4065-9355-DB75F64D13A6}.Debug|Any CPU.ActiveCfg = Debug|Win32
		{1DB22D9F-ADDF-4065-9355-DB75F64D13A6}.Debug|Mixed Platforms.ActiveCfg = Debug|Win32
		{1DB22D9F-ADDF-4065-9355-DB75F64D13A6}.Debug|Mixed Platforms.Build.0 = Debug|Win32
		{1DB22D9F-ADDF-4065-9355-DB75F64D13A6}.Debug|Mixed Platforms.Deploy.0 = Debug|Win32
		{1DB22D9F-ADDF-4065-9355-DB75F64D13A6}.Debug|Win32.ActiveCfg = Debug|Win32
		{1DB22D9F-ADDF-4065-9355-DB75F64D13A6}.Debug|Win32.Build.0 = Debug|Win32
		{1DB22D9F-ADDF-4065-9355-DB75F64D13A6}.Release|Any CPU.ActiveCfg = Release|Win32
		{1DB22D9F-ADDF-4065-9355-DB75F64D13A6}.Release|Mixed Platforms.ActiveCfg = Release|Win32
		{1DB22D9F-ADDF-4065-9355-DB75F64D13A6}.Release|Mixed Platforms.Build.0 = Release|Win32
		{1DB22D9F-ADDF-4065-9355-DB75F64D13A6}.Release|Mixed Platforms.Deploy.0 = Release|Win32
		{1DB22D9F-ADDF-4065-9355-DB75F64D13A6}.Release|Win32.ActiveCfg = Release|Win32
		{1DB22D9F-ADDF-4065-9355-DB75F64D13A6}.Release|Win32.Build.0 = Release|Win32
		{7F75D233-FB41-4AE7-82CD-F35DB3FF5628}.Debug|Any CPU.ActiveCfg = Debug|Win32
		{7F75D233-FB41-4AE7-82CD-F35DB3FF5628}.Debug|Mixed Platforms.ActiveCfg = Debug|Win32
		{7F75D233-FB41-4AE7-82CD-F35DB3FF5628}.Debug|Mixed Platforms.Build.0 = Debug|Win32
		{7F75D233-FB41-4AE7-82CD-F35DB3FF5628}.Debug|Mixed Platforms.Deploy.0 = Debug|Win32
		{7F75D233-FB41-4AE7-82CD-F35DB3FF5628}.Debug|Win32.ActiveCfg = Debug|Win32
		{7F75D233-FB41-4AE7-82CD-F35DB3FF5628}.Debug|Win32.Build.0 = Debug|Win32
		{7F75D233-FB41-4AE7-82CD-F35DB3FF5628}.Release|Any CPU.ActiveCfg = Release|Win32
		{7F75D233-FB41-4AE7-82CD-F35DB3FF5628}.Release|Mixed Platforms.ActiveCfg = Release|Win32
		{7F75D233-FB41-4AE7-82CD-F35DB3FF5628}.Release|Mixed Platforms.Build.0 = Release|Win32
		{7F75D233-FB41-4AE7-82CD-F35DB3FF5628}.Release|Mixed Platforms.Deploy.0 = Release|Win32
		{7F75D233-FB41-4AE7-82CD-F35DB3FF5628}.Release|Win32.ActiveCfg = Release|Win32
		{7F75D233-FB41-4AE7-82CD-F35DB3FF5628}.Release|Win32.Build.0 = Release|Win32
		{C0F8B22C-8D50-4C3C-975A-807B498A51A7}.Debug|Any CPU.ActiveCfg = Debug|Win32
		{C0F8B22C-8D50-4C3C-975A-807B498A51A7}.Debug|Mixed Platforms.ActiveCfg = Debug|Win32
		{C0F8B22C-8D50-4C3C-975A-807B498A51A7}.Debug|Mixed Platforms.Build.0 = Debug|Win32
		{C0F8B22C-8D50-4C3C-975A-807B498A51A7}.Debug|Mixed Platforms.Deploy.0 = Debug|Win32
		{C0F8B22C-8D50-4C3C-975A-807B498A51A7}.Debug|Win32.ActiveCfg = Debug|Win32
		{C0F8B22C-8D50-4C3C-975A-807B498A51A7}.Release|Any CPU.ActiveCfg = Release|Win32
		{C0F8B22C-8D50-4C3C-975A-807B498A51A7}.Release|Mixed Platforms.ActiveCfg = Release|Win32
		{C0F8B22C-8D50-4C3C-975A-807B498A51A7}.Release|Mixed Platforms.Build.0 = Release|Win32
		{C0F8B22C-8D50-4C3C-975A-807B498A51A7}.Release|Mixed Platforms.Deploy.0 = Release|Win32
		{C0F8B22C-8D50-4C3C-975A-807B498A51A7}.Release|Win32.ActiveCfg = Release|Win32
		{85EC47BA-C60F-41E8-8590-E2C3B3BE81FA}.Debug|Any CPU.ActiveCfg = Debug|Win32
		{85EC47BA-C60F-41E8-8590-E2C3B3BE81FA}.Debug|Mixed Platforms.ActiveCfg = Debug|Win32
		{85EC47BA-C60F-41E8-8590-E2C3B3BE81FA}.Debug|Mixed Platforms.Build.0 = Debug|Win32
		{85EC47BA-C60F-41E8-8590-E2C3B3BE81FA}.Debug|Mixed Platforms.Deploy.0 = Debug|Win32
		{85EC47BA-C60F-41E8-8590-E2C3B3BE81FA}.Debug|Win32.ActiveCfg = Debug|Win32
		{85EC47BA-C60F-41E8-8590-E2C3B3BE81FA}.Debug|Win32.Build.0 = Debug|Win32
		{85EC47BA-C60F-41E8-8590-E2C3B3BE81FA}.Release|Any CPU.ActiveCfg = Release|Win32
		{85EC47BA-C60F-41E8-8590-E2C3B3BE81FA}.Release|Mixed Platforms.ActiveCfg = Release|Win32
		{85EC47BA-C60F-41E8-8590-E2C3B3BE81FA}.Release|Mixed Platforms.Build.0 = Release|Win32
		{85EC47BA-C60F-41E8-8590-E2C3B3BE81FA}.Release|Mixed Platforms.Deploy.0 = Release|Win32
		{85EC47BA-C60F-41E8-8590-E2C3B3BE81FA}.Release|Win32.ActiveCfg = Release|Win32
		{85EC47BA-C60F-41E8-8590-E2C3B3BE81FA}.Release|Win32.Build.0 = Release|Win32
		{8C7B8D02-7172-4AE2-A0DF-2E5A5FC9F23F}.Debug|Any CPU.ActiveCfg = Debug|Win32
		{8C7B8D02-7172-4AE2-A0DF-2E5A5FC9F23F}.Debug|Mixed Platforms.ActiveCfg = Debug|Win32
		{8C7B8D02-7172-4AE2-A0DF-2E5A5FC9F23F}.Debug|Mixed Platforms.Build.0 = Debug|Win32
		{8C7B8D02-7172-4AE2-A0DF-2E5A5FC9F23F}.Debug|Mixed Platforms.Deploy.0 = Debug|Win32
		{8C7B8D02-7172-4AE2-A0DF-2E5A5FC9F23F}.Debug|Win32.ActiveCfg = Debug|Win32
		{8C7B8D02-7172-4AE2-A0DF-2E5A5FC9F23F}.Debug|Win32.Build.0 = Debug|Win32
		{8C7B8D02-7172-4AE2-A0DF-2E5A5FC9F23F}.Release|Any CPU.ActiveCfg = Release|Win32
		{8C7B8D02-7172-4AE2-A0DF-2E5A5FC9F23F}.Release|Mixed Platforms.ActiveCfg = Release|Win32
		{8C7B8D02-7172-4AE2-A0DF-2E5A5FC9F23F}.Release|Mixed Platforms.Build.0 = Release|Win32
		{8C7B8D02-7172-4AE2-A0DF-2E5A5FC9F23F}.Release|Mixed Platforms.Deploy.0 = Release|Win32
		{8C7B8D02-7172-4AE2-A0DF-2E5A5FC9F23F}.Release|Win32.ActiveCfg = Release|Win32
		{8C7B8D02-7172-4AE2-A0DF-2E5A5FC9F23F}.Release|Win32.Build.0 = Release|Win32
	EndGlobalSection
	GlobalSection(SolutionProperties) = preSolution
		HideSolutionNode = FALSE
	EndGlobalSection
EndGlobal
