<?xml version="1.0" encoding="utf-8"?>
<Project ToolsVersion="4.0" xmlns="http://schemas.microsoft.com/developer/msbuild/2003">
  <ItemGroup>
    <ClCompile Include="Source\GraphicsEngine.cpp">
      <Filter>Graphics</Filter>
    </ClCompile>
    <ClCompile Include="..\Graphics\Source\Buffer.cpp">
      <Filter>Graphics\GraphicsImport</Filter>
    </ClCompile>
    <ClCompile Include="..\Graphics\Source\DDSTextureLoader.cpp">
      <Filter>Graphics\GraphicsImport</Filter>
    </ClCompile>
    <ClCompile Include="..\Graphics\Source\DeferredRenderer.cpp">
      <Filter>Graphics\GraphicsImport</Filter>
    </ClCompile>
    <ClCompile Include="..\Graphics\Source\Graphics.cpp">
      <Filter>Graphics\GraphicsImport</Filter>
    </ClCompile>
    <ClCompile Include="..\Graphics\Source\Shader.cpp">
      <Filter>Graphics\GraphicsImport</Filter>
    </ClCompile>
    <ClCompile Include="..\Graphics\Source\TextureLoader.cpp">
      <Filter>Graphics\GraphicsImport</Filter>
    </ClCompile>
    <ClCompile Include="..\Graphics\Source\WICTextureLoader.cpp">
      <Filter>Graphics\GraphicsImport</Filter>
    </ClCompile>
    <ClCompile Include="..\Client\Source\Window.cpp">
      <Filter>Graphics\GraphicsImport</Filter>
    </ClCompile>
    <ClCompile Include="..\Graphics\Source\WrapperFactory.cpp">
      <Filter>Graphics\GraphicsImport</Filter>
    </ClCompile>
    <ClCompile Include="..\Graphics\Source\VRAMInfo.cpp">
      <Filter>Graphics\GraphicsImport</Filter>
    </ClCompile>
    <ClCompile Include="..\Graphics\Source\ModelBinaryLoader.cpp">
      <Filter>Graphics\GraphicsImport</Filter>
    </ClCompile>
    <ClCompile Include="..\Graphics\Source\ModelFactory.cpp">
      <Filter>Graphics\GraphicsImport</Filter>
    </ClCompile>
    <ClCompile Include="..\Graphics\Source\ModelInstance.cpp">
      <Filter>Graphics\GraphicsImport</Filter>
    </ClCompile>
    <ClCompile Include="..\Graphics\Source\GraphicsLogger.cpp">
      <Filter>Graphics\GraphicsImport</Filter>
    </ClCompile>
    <ClCompile Include="..\Graphics\Source\ForwardRendering.cpp">
      <Filter>Graphics\GraphicsImport</Filter>
    </ClCompile>
    <ClCompile Include="..\Graphics\Source\SkyDome.cpp">
      <Filter>Graphics\GraphicsImport</Filter>
    </ClCompile>
    <ClCompile Include="Source\SoundEngine.cpp">
      <Filter>Sound</Filter>
    </ClCompile>
    <ClCompile Include="..\Sound\Source\SoundLogger.cpp">
      <Filter>Sound\SoundImport</Filter>
    </ClCompile>
    <ClCompile Include="..\Sound\Source\Sound.cpp">
      <Filter>Sound\SoundImport</Filter>
    </ClCompile>
    <ClCompile Include="Source\testProgram.cpp" />
    <ClCompile Include="..\Common\Source\EventManager.cpp">
      <Filter>CommonImport</Filter>
    </ClCompile>
    <ClCompile Include="..\Physics\Source\Body.cpp">
      <Filter>Physics\Physics Import</Filter>
    </ClCompile>
    <ClCompile Include="..\Physics\Source\BVLoader.cpp">
      <Filter>Physics\Physics Import</Filter>
    </ClCompile>
    <ClCompile Include="..\Physics\Source\Collision.cpp">
      <Filter>Physics\Physics Import</Filter>
    </ClCompile>
    <ClCompile Include="..\Physics\Source\Physics.cpp">
      <Filter>Physics\Physics Import</Filter>
    </ClCompile>
    <ClCompile Include="..\Physics\Source\PhysicsLogger.cpp">
      <Filter>Physics\Physics Import</Filter>
    </ClCompile>
    <ClCompile Include="Source\Physics Engine.cpp">
      <Filter>Physics</Filter>
    </ClCompile>
    <ClCompile Include="..\Common\Source\EventManager.cpp">
    </ClCompile>
    <ClCompile Include="..\Common\Source\Logger.cpp">
      <Filter>CommonImport</Filter>
    </ClCompile>
    <ClCompile Include="..\Common\Source\ResourceManager.cpp">
      <Filter>CommonImport</Filter>
    </ClCompile>
    <ClCompile Include="..\Common\Source\ResourceTranslator.cpp">
      <Filter>CommonImport</Filter>
    </ClCompile>
    <ClCompile Include="..\Graphics\Source\ParticleFactory.cpp">
      <Filter>Graphics\GraphicsImport</Filter>
    </ClCompile>
    <ClCompile Include="..\Graphics\Source\ParticleInstance.cpp">
      <Filter>Graphics\GraphicsImport</Filter>
    </ClCompile>
    <ClCompile Include="..\Graphics\Source\ScreenRenderer.cpp">
      <Filter>Graphics\GraphicsImport</Filter>
    </ClCompile>
  </ItemGroup>
  <ItemGroup>
    <Filter Include="Graphics">
      <UniqueIdentifier>{d20c80a8-07b0-4099-bfa1-7cee0096f082}</UniqueIdentifier>
    </Filter>
    <Filter Include="Client">
      <UniqueIdentifier>{92a94797-9a10-48cc-a868-16d8bf2d8781}</UniqueIdentifier>
    </Filter>
    <Filter Include="Client\ClientImport">
      <UniqueIdentifier>{626962ff-a4ea-404f-897f-44f282574004}</UniqueIdentifier>
    </Filter>
    <Filter Include="Physics">
      <UniqueIdentifier>{52fd29d9-bda6-479a-9365-577e634f7dba}</UniqueIdentifier>
    </Filter>
    <Filter Include="Physics\Physics Import">
      <UniqueIdentifier>{34115e45-de7b-4d84-802d-c166b82b9553}</UniqueIdentifier>
    </Filter>
    <Filter Include="Sound">
      <UniqueIdentifier>{f282d834-7cf2-4265-a93e-2b55849fdbd3}</UniqueIdentifier>
    </Filter>
    <Filter Include="CommonImport">
      <UniqueIdentifier>{8db99be3-9c36-459d-b5cc-40f2db51b878}</UniqueIdentifier>
    </Filter>
    <Filter Include="Graphics\GraphicsImport">
      <UniqueIdentifier>{46fc5674-e54f-44c3-9196-0dc84f2aa191}</UniqueIdentifier>
    </Filter>
    <Filter Include="Sound\SoundImport">
      <UniqueIdentifier>{e7a0c4be-cd38-4852-8cfd-e0e1ebec1b17}</UniqueIdentifier>
    </Filter>
    <Filter Include="Graphics\HLSL">
      <UniqueIdentifier>{33446ff9-0be7-4ede-93e4-40691a5bebcb}</UniqueIdentifier>
    </Filter>
  </ItemGroup>
  <ItemGroup>
    <FxCompile Include="Source\testShader_VS_PS.hlsl">
      <Filter>Graphics\HLSL</Filter>
    </FxCompile>
    <FxCompile Include="Bin\assets\shaders\LightPassPointLight.hlsl">
      <Filter>Graphics\HLSL</Filter>
    </FxCompile>
    <FxCompile Include="Bin\assets\shaders\LightPassSpotLight.hlsl">
      <Filter>Graphics\HLSL</Filter>
    </FxCompile>
    <FxCompile Include="Bin\assets\shaders\ParticleSystem.hlsl">
      <Filter>Graphics\HLSL</Filter>
    </FxCompile>
    <FxCompile Include="Bin\assets\shaders\SkyDome.hlsl">
      <Filter>Graphics\HLSL</Filter>
    </FxCompile>
    <FxCompile Include="Bin\assets\shaders\SSAO.hlsl">
      <Filter>Graphics\HLSL</Filter>
    </FxCompile>
    <FxCompile Include="Bin\assets\shaders\SSAO_Blur.hlsl">
      <Filter>Graphics\HLSL</Filter>
    </FxCompile>
    <FxCompile Include="Source\testShader_PS.hlsl">
      <Filter>Graphics\HLSL</Filter>
    </FxCompile>
    <FxCompile Include="Source\testShader_VS.hlsl">
      <Filter>Graphics\HLSL</Filter>
    </FxCompile>
    <FxCompile Include="Bin\assets\shaders\LightPassDirectionalLight.hlsl">
      <Filter>Graphics\HLSL</Filter>
    </FxCompile>
    <FxCompile Include="Bin\assets\shaders\GeometryPass.hlsl">
      <Filter>Graphics\HLSL</Filter>
    </FxCompile>
    <FxCompile Include="Bin\assets\shaders\AnimatedGeometryPass.hlsl">
      <Filter>Graphics\HLSL</Filter>
    </FxCompile>
    <FxCompile Include="Bin\assets\shaders\BoundingVolume.hlsl">
      <Filter>Graphics\HLSL</Filter>
    </FxCompile>
    <FxCompile Include="Bin\assets\shaders\DebugShader.hlsl">
      <Filter>Graphics\HLSL</Filter>
    </FxCompile>
    <FxCompile Include="Bin\assets\shaders\ForwardShader.hlsl">
      <Filter>Graphics\HLSL</Filter>
    </FxCompile>
    <FxCompile Include="Bin\assets\shaders\GeoInstanceShader.hlsl">
      <Filter>Graphics\HLSL</Filter>
    </FxCompile>
    <FxCompile Include="Bin\assets\shaders\HUD_Shader.hlsl">
      <Filter>Graphics\HLSL</Filter>
    </FxCompile>
  </ItemGroup>
  <ItemGroup>
    <ClInclude Include="..\Physics\include\BoundingVolume.h">
      <Filter>Physics\Physics Import</Filter>
    </ClInclude>
    <ClInclude Include="..\Physics\Source\Collision.h">
      <Filter>Physics\Physics Import</Filter>
    </ClInclude>
    <ClInclude Include="..\Physics\include\Hull.h">
      <Filter>Physics\Physics Import</Filter>
    </ClInclude>
    <ClInclude Include="..\Physics\include\OBB.h">
      <Filter>Physics\Physics Import</Filter>
    </ClInclude>
    <ClInclude Include="..\Physics\include\PhysicsTypes.h">
      <Filter>Physics\Physics Import</Filter>
    </ClInclude>
    <ClInclude Include="..\Physics\include\Sphere.h">
      <Filter>Physics\Physics Import</Filter>
    </ClInclude>
  </ItemGroup>
</Project>