
Microsoft Visual Studio Solution File, Format Version 12.00
# Visual Studio 2012
Project("{8BC9CEB8-8B4A-11D0-8D11-00A0C91BC942}") = "BinaryConverter", "BinaryConverter\BinaryConverter.vcxproj", "{80E397C3-D373-40C5-8E34-77C3BB4C0BF0}"
EndProject
Global
	GlobalSection(SolutionConfigurationPlatforms) = preSolution
		Debug|Win32 = Debug|Win32
		Release|Win32 = Release|Win32
	EndGlobalSection
	GlobalSection(ProjectConfigurationPlatforms) = postSolution
		{80E397C3-D373-40C5-8E34-77C3BB4C0BF0}.Debug|Win32.ActiveCfg = Debug|Win32
		{80E397C3-D373-40C5-8E34-77C3BB4C0BF0}.Debug|Win32.Build.0 = Debug|Win32
		{80E397C3-D373-40C5-8E34-77C3BB4C0BF0}.Release|Win32.ActiveCfg = Release|Win32
		{80E397C3-D373-40C5-8E34-77C3BB4C0BF0}.Release|Win32.Build.0 = Release|Win32
	EndGlobalSection
	GlobalSection(SolutionProperties) = preSolution
		HideSolutionNode = FALSE
	EndGlobalSection
EndGlobal
