<?xml version="1.0" encoding="utf-8"?>
<Project ToolsVersion="4.0" xmlns="http://schemas.microsoft.com/developer/msbuild/2003">
  <ItemGroup>
    <ClCompile Include="..\Client\Source\Window.cpp" />
    <ClCompile Include="..\Client\Source\GameScene.cpp" />
    <ClCompile Include="..\Client\Source\MenuScene.cpp" />
    <ClCompile Include="..\Client\Source\SceneManager.cpp" />
    <ClCompile Include="Source\testProgram.cpp" />
    <ClCompile Include="Source\TestSceneManager.cpp" />
    <ClCompile Include="Source\TestWindow.cpp" />
    <ClCompile Include="..\Physics\Source\Collision.cpp" />
    <ClCompile Include="..\Client\Source\Window.cpp">
      <Filter>Source Files</Filter>
    </ClCompile>
    <ClCompile Include="..\Graphics\Source\Buffer.cpp" />
    <ClCompile Include="..\Graphics\Source\DDSTextureLoader.cpp" />
    <ClCompile Include="..\Graphics\Source\Shader.cpp" />
    <ClCompile Include="..\Graphics\Source\TextureLoader.cpp" />
    <ClCompile Include="..\Graphics\Source\WICTextureLoader.cpp" />
    <ClCompile Include="..\Graphics\Source\WrapperFactory.cpp" />
    <ClCompile Include="..\Client\Source\Input\Input.cpp" />
    <ClCompile Include="..\Client\Source\Input\InputState.cpp" />
    <ClCompile Include="..\Client\Source\Input\InputTranslator.cpp" />
    <ClCompile Include="Source\Input\TestInput.cpp" />
    <ClCompile Include="..\Client\Source\NetworkClient.cpp" />
    <ClCompile Include="Source\TestCollision.cpp" />
    <ClCompile Include="Source\TestShader.cpp" />
    <ClCompile Include="Source\TestTextureLoader.cpp" />
    <ClCompile Include="Source\Network\TestNetworkServerClient.cpp" />
    <ClCompile Include="..\Server\Source\NetworkServer.cpp" />
    <ClCompile Include="SphereTest.cpp" />
    <ClCompile Include="AABBTest.cpp" />
  </ItemGroup>
  <ItemGroup>
    <FxCompile Include="Source\dummy.hlsl" />
  </ItemGroup>
  <ItemGroup>
    <ClInclude Include="..\Physics\include\Sphere.h" />
    <ClInclude Include="..\Physics\include\BoundingVolume.h" />
    <ClInclude Include="..\Physics\include\AABB.h" />
  </ItemGroup>
</Project>