<?xml version="1.0" encoding="utf-8"?>
<Project ToolsVersion="4.0" xmlns="http://schemas.microsoft.com/developer/msbuild/2003">
  <ItemGroup>
    <ClCompile Include="Source\testProgram.cpp" />
    <ClCompile Include="..\Network\Source\ClientConnect.cpp">
      <Filter>TestNetwork\NetworkImport</Filter>
    </ClCompile>
    <ClCompile Include="..\Network\Source\ConnectionController.cpp">
      <Filter>TestNetwork\NetworkImport</Filter>
    </ClCompile>
    <ClCompile Include="..\Network\Source\Connection.cpp">
      <Filter>TestNetwork\NetworkImport</Filter>
    </ClCompile>
    <ClCompile Include="..\Network\Source\ServerAccept.cpp">
      <Filter>TestNetwork\NetworkImport</Filter>
    </ClCompile>
    <ClCompile Include="..\Network\Source\Network.cpp">
      <Filter>TestNetwork\NetworkImport</Filter>
    </ClCompile>
    <ClCompile Include="Source\Network\TestNetworkServerClient.cpp">
      <Filter>TestNetwork</Filter>
    </ClCompile>
    <ClCompile Include="Source\Network\TestSerialize.cpp">
      <Filter>TestNetwork</Filter>
    </ClCompile>
    <ClCompile Include="Source\Network\TestConnectionController.cpp">
      <Filter>TestNetwork</Filter>
    </ClCompile>
    <ClCompile Include="Source\Network\TestNetworkServerClient.cpp">
      <Filter>TestNetwork</Filter>
    </ClCompile>
    <ClCompile Include="..\Network\Source\NetworkLogger.cpp">
      <Filter>TestNetwork\NetworkImport</Filter>
    </ClCompile>
    <ClCompile Include="..\Client\Source\Input\Input.cpp">
      <Filter>TestClient\ClientImport</Filter>
    </ClCompile>
    <ClCompile Include="..\Client\Source\Input\InputState.cpp">
      <Filter>TestClient\ClientImport</Filter>
    </ClCompile>
    <ClCompile Include="..\Client\Source\Input\InputTranslator.cpp">
      <Filter>TestClient\ClientImport</Filter>
    </ClCompile>
    <ClCompile Include="Source\Input\TestInput.cpp">
      <Filter>TestClient</Filter>
    </ClCompile>
    <ClCompile Include="Source\SceneManager\TestSceneManager.cpp">
      <Filter>TestClient</Filter>
    </ClCompile>
    <ClCompile Include="..\Graphics\Source\GraphicsLogger.cpp">
      <Filter>TestGraphics\GraphicsImport</Filter>
    </ClCompile>
    <ClCompile Include="..\Physics\Source\PhysicsLogger.cpp">
      <Filter>TestPhysics\PhysicsImport</Filter>
    </ClCompile>
    <ClCompile Include="..\Client\Source\Window.cpp">
      <Filter>TestClient\ClientImport</Filter>
    </ClCompile>
    <ClCompile Include="Source\Loader\TestBinaryConverter.cpp">
      <Filter>TestLoaders</Filter>
    </ClCompile>
    <ClCompile Include="Source\Loader\TestBinayLoader.cpp">
      <Filter>TestLoaders</Filter>
    </ClCompile>
    <ClCompile Include="Source\Loader\TestLoader.cpp">
      <Filter>TestLoaders</Filter>
    </ClCompile>
    <ClCompile Include="..\BinaryConverter\Source\ModelConverter.cpp">
      <Filter>TestLoaders\Files</Filter>
    </ClCompile>
    <ClCompile Include="..\BinaryConverter\Source\ModelLoader.cpp">
      <Filter>TestLoaders\Files</Filter>
    </ClCompile>
    <ClCompile Include="..\Graphics\Source\ModelBinaryLoader.cpp">
      <Filter>TestLoaders\Files</Filter>
    </ClCompile>
    <ClCompile Include="..\Graphics\Source\ModelInstance.cpp">
      <Filter>TestGraphics\GraphicsImport</Filter>
    </ClCompile>
    <ClCompile Include="..\Graphics\Source\ModelFactory.cpp">
      <Filter>TestGraphics\GraphicsImport</Filter>
    </ClCompile>
    <ClCompile Include="..\Graphics\Source\Graphics.cpp">
      <Filter>TestGraphics\GraphicsImport</Filter>
    </ClCompile>
    <ClCompile Include="..\Graphics\Source\DeferredRenderer.cpp">
      <Filter>TestGraphics\GraphicsImport</Filter>
    </ClCompile>
    <ClCompile Include="..\Graphics\Source\Shader.cpp">
      <Filter>TestGraphics\GraphicsImport</Filter>
    </ClCompile>
    <ClCompile Include="..\Graphics\Source\WrapperFactory.cpp">
      <Filter>TestGraphics\GraphicsImport</Filter>
    </ClCompile>
    <ClCompile Include="Source\Graphics\TestWrapperFactory.cpp">
      <Filter>TestGraphics</Filter>
    </ClCompile>
    <ClCompile Include="..\Graphics\Source\DDSTextureLoader.cpp">
      <Filter>TestGraphics\GraphicsImport</Filter>
    </ClCompile>
    <ClCompile Include="Source\Graphics\TestTextureLoader.cpp">
      <Filter>TestGraphics</Filter>
    </ClCompile>
    <ClCompile Include="..\Graphics\Source\WICTextureLoader.cpp">
      <Filter>TestGraphics\GraphicsImport</Filter>
    </ClCompile>
    <ClCompile Include="..\Graphics\Source\TextureLoader.cpp">
      <Filter>TestGraphics\GraphicsImport</Filter>
    </ClCompile>
    <ClCompile Include="..\Physics\Source\Body.cpp">
      <Filter>TestPhysics\PhysicsImport</Filter>
    </ClCompile>
    <ClCompile Include="..\Graphics\Source\Buffer.cpp">
      <Filter>TestGraphics\GraphicsImport</Filter>
    </ClCompile>
    <ClCompile Include="..\Physics\Source\Collision.cpp">
      <Filter>TestPhysics\PhysicsImport</Filter>
    </ClCompile>
    <ClCompile Include="..\Physics\Source\Physics.cpp">
      <Filter>TestPhysics\PhysicsImport</Filter>
    </ClCompile>
    <ClCompile Include="Source\Graphics\TestModelFactory.cpp">
      <Filter>TestGraphics</Filter>
    </ClCompile>
    <ClCompile Include="..\Client\Source\Player.cpp">
      <Filter>TestClient\ClientImport</Filter>
    </ClCompile>
    <ClCompile Include="..\Client\Source\Window.cpp">
      <Filter>TestClient\ClientImport</Filter>
    </ClCompile>
    <ClCompile Include="..\Client\Source\Input\Input.cpp">
      <Filter>TestClient\ClientImport</Filter>
    </ClCompile>
    <ClCompile Include="..\Client\Source\Input\InputState.cpp">
      <Filter>TestClient\ClientImport</Filter>
    </ClCompile>
    <ClCompile Include="Source\Loader\TestLevelConverter.cpp">
      <Filter>TestLoaders</Filter>
    </ClCompile>
    <ClCompile Include="..\Client\Source\Input\InputTranslator.cpp">
      <Filter>TestClient\ClientImport</Filter>
    </ClCompile>
    <ClCompile Include="Source\Loader\TestLevelLoader.cpp">
      <Filter>TestLoaders</Filter>
    </ClCompile>
    <ClCompile Include="Source\Loader\TestBinaryLevelLoader.cpp">
      <Filter>TestLoaders</Filter>
    </ClCompile>
    <ClCompile Include="..\Client\Source\Level.cpp">
      <Filter>TestLoaders\Files</Filter>
    </ClCompile>
    <ClCompile Include="..\Client\Source\Window.cpp">
      <Filter>TestClient\ClientImport</Filter>
    </ClCompile>
    <ClCompile Include="..\Client\Source\Scenes\GameScene.cpp">
      <Filter>TestClient\ClientImport</Filter>
    </ClCompile>
    <ClCompile Include="..\Client\Source\Scenes\MenuScene.cpp">
      <Filter>TestClient\ClientImport</Filter>
    </ClCompile>
    <ClCompile Include="..\Client\Source\SceneManager.cpp">
      <Filter>TestClient\ClientImport</Filter>
    </ClCompile>
    <ClCompile Include="..\Client\Source\GameLogic.cpp">
      <Filter>TestClient\ClientImport</Filter>
    </ClCompile>
    <ClCompile Include="..\Graphics\Source\VRAMInfo.cpp">
      <Filter>TestGraphics\GraphicsImport</Filter>
    </ClCompile>
    <ClCompile Include="..\Client\Source\RAMInfo.cpp">
      <Filter>TestClient\ClientImport</Filter>
    </ClCompile>
    <ClCompile Include="..\Graphics\Source\ForwardRendering.cpp">
      <Filter>TestGraphics\GraphicsImport</Filter>
    </ClCompile>
    <ClCompile Include="..\Graphics\Source\ParticleFactory.cpp">
      <Filter>TestGraphics\GraphicsImport</Filter>
    </ClCompile>
    <ClCompile Include="..\Graphics\Source\ParticleInstance.cpp">
      <Filter>TestGraphics\GraphicsImport</Filter>
    </ClCompile>
    <ClCompile Include="..\Client\Source\EdgeCollisionResponse.cpp">
      <Filter>TestClient\ClientImport</Filter>
    </ClCompile>
    <ClCompile Include="..\Graphics\Source\ScreenRenderer.cpp">
      <Filter>TestGraphics\GraphicsImport</Filter>
    </ClCompile>
    <ClCompile Include="..\BinaryConverter\Source\InstanceConverter.cpp">
      <Filter>TestLoaders\Files</Filter>
    </ClCompile>
    <ClCompile Include="..\BinaryConverter\Source\InstanceLoader.cpp">
      <Filter>TestLoaders\Files</Filter>
    </ClCompile>
    <ClCompile Include="..\Common\Source\InstanceBinaryLoader.cpp">
      <Filter>TestLoaders\Files</Filter>
    </ClCompile>
    <ClCompile Include="Source\Client\TestEdgeCollisionResponse.cpp">
      <Filter>TestClient</Filter>
    </ClCompile>
    <ClCompile Include="Source\Client\TestPlayer.cpp">
      <Filter>TestClient</Filter>
    </ClCompile>
    <ClCompile Include="Source\Common\TestXMFloatUtil.cpp">
      <Filter>TestCommon</Filter>
    </ClCompile>
    <ClCompile Include="Source\Graphics\TestSkyDome.cpp">
      <Filter>TestGraphics</Filter>
    </ClCompile>
    <ClCompile Include="..\Graphics\Source\SkyDome.cpp">
      <Filter>TestGraphics\GraphicsImport</Filter>
    </ClCompile>
    <ClCompile Include="Source\Physics\HullTest.cpp">
      <Filter>TestPhysics</Filter>
    </ClCompile>
    <ClCompile Include="Source\Physics\OBBTest.cpp">
      <Filter>TestPhysics</Filter>
    </ClCompile>
    <ClCompile Include="Source\Physics\AABBTest.cpp">
      <Filter>TestPhysics</Filter>
    </ClCompile>
    <ClCompile Include="Source\Physics\BodyTest.cpp">
      <Filter>TestPhysics</Filter>
    </ClCompile>
    <ClCompile Include="Source\Physics\SphereTest.cpp">
      <Filter>TestPhysics</Filter>
    </ClCompile>
    <ClCompile Include="Source\Common\TestLogger.cpp">
      <Filter>TestClient</Filter>
    </ClCompile>
    <ClCompile Include="Source\Common\TestResouceTranslator.cpp">
      <Filter>TestResourceManager</Filter>
    </ClCompile>
    <ClCompile Include="Source\Common\TestResourceManager.cpp">
      <Filter>TestResourceManager</Filter>
    </ClCompile>
    <ClCompile Include="Source\Physics\TestCollision.cpp">
      <Filter>TestPhysics</Filter>
    </ClCompile>
    <ClCompile Include="Source\Client\TestWindow.cpp">
      <Filter>TestClient</Filter>
    </ClCompile>
    <ClCompile Include="..\Client\Source\Settings.cpp">
      <Filter>TestClient\ClientImport</Filter>
    </ClCompile>
    <ClCompile Include="Source\Graphics\TestScreenRenderer.cpp">
      <Filter>TestGraphics</Filter>
    </ClCompile>
    <ClCompile Include="Source\Common\TestAnimation.cpp">
      <Filter>TestCommon</Filter>
    </ClCompile>
    <ClCompile Include="Source\Common\TestLight.cpp">
      <Filter>TestCommon</Filter>
    </ClCompile>
    <ClCompile Include="Source\Common\TestMLXLoader.cpp">
      <Filter>TestCommon</Filter>
    </ClCompile>
    <ClCompile Include="Source\Client\TestEventManager.cpp">
      <Filter>TestCommon</Filter>
    </ClCompile>
    <ClCompile Include="Source\Common\TestHumanAnimationComponent.cpp">
      <Filter>TestCommon</Filter>
    </ClCompile>
    <ClCompile Include="Source\Client\TestRAM_Info.cpp">
      <Filter>TestClient</Filter>
    </ClCompile>
    <ClCompile Include="Source\Graphics\TestDeferredRenderer.cpp">
      <Filter>TestGraphics</Filter>
    </ClCompile>
    <ClCompile Include="..\Graphics\Source\TextResource.cpp">
      <Filter>TestGraphics\GraphicsImport</Filter>
    </ClCompile>
    <ClCompile Include="..\Graphics\Source\TextFactory.cpp">
      <Filter>TestGraphics\GraphicsImport</Filter>
    </ClCompile>
    <ClCompile Include="Source\Client\TestSettings.cpp">
      <Filter>TestSettings</Filter>
    </ClCompile>
    <ClCompile Include="Source\Common\TestTweakCommand.cpp">
      <Filter>TestSettings</Filter>
    </ClCompile>
    <ClCompile Include="Source\Common\TestTweakSettings.cpp">
      <Filter>TestSettings</Filter>
    </ClCompile>
    <ClCompile Include="Source\Common\TestCommandManager.cpp">
      <Filter>TestSettings</Filter>
    </ClCompile>
    <ClCompile Include="Source\Common\TestStreamReader.cpp">
      <Filter>TestSettings</Filter>
    </ClCompile>
    <ClCompile Include="..\Graphics\Source\TextRenderer.cpp">
      <Filter>TestGraphics\GraphicsImport</Filter>
    </ClCompile>
    <ClCompile Include="Source\Physics\BVLoaderTest.cpp">
      <Filter>TestPhysics</Filter>
    </ClCompile>
    <ClCompile Include="..\Physics\Source\BVLoader.cpp">
      <Filter>TestPhysics\PhysicsImport</Filter>
    </ClCompile>
    <ClCompile Include="..\Graphics\Source\FontCollectionLoader.cpp">
      <Filter>TestGraphics\GraphicsImport</Filter>
    </ClCompile>
    <ClCompile Include="..\Graphics\Source\GPUTimer.cpp">
      <Filter>TestGraphics\GraphicsImport</Filter>
    </ClCompile>
    <ClCompile Include="Source\Client\TestSplineCamera.cpp">
      <Filter>TestClient</Filter>
    </ClCompile>
    <ClCompile Include="Source\Client\TextHUDScene.cpp">
      <Filter>TestClient</Filter>
    </ClCompile>
    <ClCompile Include="..\Client\Source\Window.cpp">
      <Filter>TestClient\ClientImport</Filter>
    </ClCompile>
    <ClCompile Include="..\Client\Source\DebugInfo.cpp">
      <Filter>TestClient\ClientImport</Filter>
    </ClCompile>
    <ClCompile Include="..\Client\Source\Scenes\HUDScene.cpp">
      <Filter>TestClient\ClientImport</Filter>
    </ClCompile>
  </ItemGroup>
  <ItemGroup>
    <FxCompile Include="Source\dummy.hlsl">
      <Filter>TestGraphics</Filter>
    </FxCompile>
    <FxCompile Include="Source\dummy2.hlsl">
      <Filter>TestGraphics</Filter>
    </FxCompile>
  </ItemGroup>
  <ItemGroup>
    <Filter Include="TestNetwork">
      <UniqueIdentifier>{8071612c-29ac-4b80-a58c-541a8115a1ae}</UniqueIdentifier>
    </Filter>
    <Filter Include="TestNetwork\NetworkImport">
      <UniqueIdentifier>{8f720b2c-6b2b-48b0-b6c6-0a1c8f14cd18}</UniqueIdentifier>
    </Filter>
    <Filter Include="TestClient">
      <UniqueIdentifier>{2565430f-da47-4012-bd07-9f81f29f797d}</UniqueIdentifier>
    </Filter>
    <Filter Include="TestResourceManager">
      <UniqueIdentifier>{402429ed-f743-4cbc-b7fa-aa7dfe3a3972}</UniqueIdentifier>
    </Filter>
    <Filter Include="TestClient\ClientImport">
      <UniqueIdentifier>{c275f022-73df-468e-9042-d76b2e5caa2b}</UniqueIdentifier>
    </Filter>
    <Filter Include="TestResourceManager\Import">
      <UniqueIdentifier>{4b3bd2f7-232a-4a17-a9e0-3b8189a72ba6}</UniqueIdentifier>
    </Filter>
    <Filter Include="TestGraphics">
      <UniqueIdentifier>{b7800dd6-2d57-4bf8-a9e5-66efc002d2f1}</UniqueIdentifier>
    </Filter>
    <Filter Include="TestGraphics\GraphicsImport">
      <UniqueIdentifier>{fb1058db-70f0-4ad7-aa67-3ff713472f80}</UniqueIdentifier>
    </Filter>
    <Filter Include="TestPhysics">
      <UniqueIdentifier>{d59f3f76-56de-4c6c-8396-24c978865409}</UniqueIdentifier>
    </Filter>
    <Filter Include="TestPhysics\PhysicsImport">
      <UniqueIdentifier>{b43af11e-5778-4f5f-8fa7-95c06d96b6be}</UniqueIdentifier>
    </Filter>
    <Filter Include="TestLoaders">
      <UniqueIdentifier>{c1519435-6038-4446-8c81-9b6161be5cf0}</UniqueIdentifier>
    </Filter>
    <Filter Include="TestLoaders\Files">
      <UniqueIdentifier>{ef828351-f38e-415f-bb85-34accbbec579}</UniqueIdentifier>
    </Filter>
    <Filter Include="TestCommon">
      <UniqueIdentifier>{91b3a574-4dff-4384-88f3-cd430ffea93c}</UniqueIdentifier>
    </Filter>
    <Filter Include="TestSettings">
      <UniqueIdentifier>{2dc209c3-062e-4658-9a32-d9a66735df2c}</UniqueIdentifier>
    </Filter>
  </ItemGroup>
  <ItemGroup>
    <ClInclude Include="..\Physics\include\AABB.h">
      <Filter>TestPhysics\PhysicsImport</Filter>
    </ClInclude>
    <ClInclude Include="..\Physics\include\BoundingVolume.h">
      <Filter>TestPhysics\PhysicsImport</Filter>
    </ClInclude>
    <ClInclude Include="..\Physics\include\Sphere.h">
      <Filter>TestPhysics\PhysicsImport</Filter>
    </ClInclude>
    <ClInclude Include="..\Physics\include\OBB.h">
      <Filter>TestPhysics\PhysicsImport</Filter>
    </ClInclude>
    <ClInclude Include="..\Physics\include\Hull.h">
      <Filter>TestPhysics\PhysicsImport</Filter>
    </ClInclude>
  </ItemGroup>
</Project>